
Microsoft Visual Studio Solution File, Format Version 12.00
Project("{FAE04EC0-301F-11D3-BF4B-00C04F79EFBC}") = "Labs_3", "Labs_3.csproj", "{73C7655B-2238-451A-BBAE-1EE90CC42096}"
EndProject
Global
	GlobalSection(SolutionConfigurationPlatforms) = preSolution
		Debug|Any CPU = Debug|Any CPU
		Release|Any CPU = Release|Any CPU
	EndGlobalSection
	GlobalSection(ProjectConfigurationPlatforms) = postSolution
		{73C7655B-2238-451A-BBAE-1EE90CC42096}.Debug|Any CPU.ActiveCfg = Debug|Any CPU
		{73C7655B-2238-451A-BBAE-1EE90CC42096}.Debug|Any CPU.Build.0 = Debug|Any CPU
		{73C7655B-2238-451A-BBAE-1EE90CC42096}.Release|Any CPU.ActiveCfg = Release|Any CPU
		{73C7655B-2238-451A-BBAE-1EE90CC42096}.Release|Any CPU.Build.0 = Release|Any CPU
	EndGlobalSection
EndGlobal
